
Microsoft Visual Studio Solution File, Format Version 11.00
# Visual Studio 2010
Project("{FAE04EC0-301F-11D3-BF4B-00C04F79EFBC}") = "Scrolls", "Assembly-CSharp.csproj", "{F6CB83CB-B25D-F442-7698-A8CE0531BCF1}"
EndProject
Project("{FAE04EC0-301F-11D3-BF4B-00C04F79EFBC}") = "Scrolls", "Assembly-CSharp-firstpass.csproj", "{4045224E-A39C-AE0E-E217-ABF9B5555F6F}"
EndProject
Project("{FAE04EC0-301F-11D3-BF4B-00C04F79EFBC}") = "Scrolls", "Assembly-CSharp-Editor-firstpass.csproj", "{D08BD8CC-8799-1F8E-8E4E-5FD10ABF4942}"
EndProject
Project("{FAE04EC0-301F-11D3-BF4B-00C04F79EFBC}") = "Scrolls", "Assembly-CSharp-Editor.csproj", "{B118CC1E-637E-41D5-F543-B98F27269573}"
EndProject
Global
	GlobalSection(SolutionConfigurationPlatforms) = preSolution
		Debug|Any CPU = Debug|Any CPU
		Release|Any CPU = Release|Any CPU
	EndGlobalSection
	GlobalSection(ProjectConfigurationPlatforms) = postSolution
		{F6CB83CB-B25D-F442-7698-A8CE0531BCF1}.Debug|Any CPU.ActiveCfg = Debug|Any CPU
		{F6CB83CB-B25D-F442-7698-A8CE0531BCF1}.Debug|Any CPU.Build.0 = Debug|Any CPU
		{F6CB83CB-B25D-F442-7698-A8CE0531BCF1}.Release|Any CPU.ActiveCfg = Release|Any CPU
		{F6CB83CB-B25D-F442-7698-A8CE0531BCF1}.Release|Any CPU.Build.0 = Release|Any CPU
		{4045224E-A39C-AE0E-E217-ABF9B5555F6F}.Debug|Any CPU.ActiveCfg = Debug|Any CPU
		{4045224E-A39C-AE0E-E217-ABF9B5555F6F}.Debug|Any CPU.Build.0 = Debug|Any CPU
		{4045224E-A39C-AE0E-E217-ABF9B5555F6F}.Release|Any CPU.ActiveCfg = Release|Any CPU
		{4045224E-A39C-AE0E-E217-ABF9B5555F6F}.Release|Any CPU.Build.0 = Release|Any CPU
		{D08BD8CC-8799-1F8E-8E4E-5FD10ABF4942}.Debug|Any CPU.ActiveCfg = Debug|Any CPU
		{D08BD8CC-8799-1F8E-8E4E-5FD10ABF4942}.Debug|Any CPU.Build.0 = Debug|Any CPU
		{D08BD8CC-8799-1F8E-8E4E-5FD10ABF4942}.Release|Any CPU.ActiveCfg = Release|Any CPU
		{D08BD8CC-8799-1F8E-8E4E-5FD10ABF4942}.Release|Any CPU.Build.0 = Release|Any CPU
		{B118CC1E-637E-41D5-F543-B98F27269573}.Debug|Any CPU.ActiveCfg = Debug|Any CPU
		{B118CC1E-637E-41D5-F543-B98F27269573}.Debug|Any CPU.Build.0 = Debug|Any CPU
		{B118CC1E-637E-41D5-F543-B98F27269573}.Release|Any CPU.ActiveCfg = Release|Any CPU
		{B118CC1E-637E-41D5-F543-B98F27269573}.Release|Any CPU.Build.0 = Release|Any CPU
	EndGlobalSection
	GlobalSection(SolutionProperties) = preSolution
		HideSolutionNode = FALSE
	EndGlobalSection
	GlobalSection(MonoDevelopProperties) = preSolution
		StartupItem = Assembly-CSharp.csproj
	EndGlobalSection
EndGlobal
